// !$*UTF8*$!
{
	archiveVersion = 1;
	classes = {
	};
	objectVersion = 46;
	objects = {

/* Begin PBXBuildFile section */
		8C7DF13019BAFE8D00B1EF41 /* Cocoa.framework in Frameworks */ = {isa = PBXBuildFile; fileRef = 8C7DF12F19BAFE8D00B1EF41 /* Cocoa.framework */; };
		8C7DF13A19BAFE8D00B1EF41 /* InfoPlist.strings in Resources */ = {isa = PBXBuildFile; fileRef = 8C7DF13819BAFE8D00B1EF41 /* InfoPlist.strings */; };
		8C7DF13C19BAFE8D00B1EF41 /* main.m in Sources */ = {isa = PBXBuildFile; fileRef = 8C7DF13B19BAFE8D00B1EF41 /* main.m */; };
		8C7DF14019BAFE8D00B1EF41 /* Credits.rtf in Resources */ = {isa = PBXBuildFile; fileRef = 8C7DF13E19BAFE8D00B1EF41 /* Credits.rtf */; };
		8C7DF14319BAFE8D00B1EF41 /* AppDelegate.m in Sources */ = {isa = PBXBuildFile; fileRef = 8C7DF14219BAFE8D00B1EF41 /* AppDelegate.m */; };
		8C7DF14619BAFE8D00B1EF41 /* MainMenu.xib in Resources */ = {isa = PBXBuildFile; fileRef = 8C7DF14419BAFE8D00B1EF41 /* MainMenu.xib */; };
		8C7DF14819BAFE8D00B1EF41 /* Images.xcassets in Resources */ = {isa = PBXBuildFile; fileRef = 8C7DF14719BAFE8D00B1EF41 /* Images.xcassets */; };
		8C7DF14F19BAFE8D00B1EF41 /* XCTest.framework in Frameworks */ = {isa = PBXBuildFile; fileRef = 8C7DF14E19BAFE8D00B1EF41 /* XCTest.framework */; };
		8C7DF15019BAFE8D00B1EF41 /* Cocoa.framework in Frameworks */ = {isa = PBXBuildFile; fileRef = 8C7DF12F19BAFE8D00B1EF41 /* Cocoa.framework */; };
		8C7DF15819BAFE8D00B1EF41 /* InfoPlist.strings in Resources */ = {isa = PBXBuildFile; fileRef = 8C7DF15619BAFE8D00B1EF41 /* InfoPlist.strings */; };
		8C7DF15A19BAFE8D00B1EF41 /* appTests.m in Sources */ = {isa = PBXBuildFile; fileRef = 8C7DF15919BAFE8D00B1EF41 /* appTests.m */; };
		8C7DF16719BB058C00B1EF41 /* WebKit.framework in Frameworks */ = {isa = PBXBuildFile; fileRef = 8C7DF16619BB058C00B1EF41 /* WebKit.framework */; };
		8C7DF16B19BB05DE00B1EF41 /* Web2OSX.m in Sources */ = {isa = PBXBuildFile; fileRef = 8C7DF16A19BB05DE00B1EF41 /* Web2OSX.m */; };
/* End PBXBuildFile section */

/* Begin PBXContainerItemProxy section */
		8C7DF15119BAFE8D00B1EF41 /* PBXContainerItemProxy */ = {
			isa = PBXContainerItemProxy;
			containerPortal = 8C7DF12419BAFE8D00B1EF41 /* Project object */;
			proxyType = 1;
			remoteGlobalIDString = 8C7DF12B19BAFE8D00B1EF41;
			remoteInfo = app;
		};
/* End PBXContainerItemProxy section */

/* Begin PBXFileReference section */
		8C7DF12C19BAFE8D00B1EF41 /* app.app */ = {isa = PBXFileReference; explicitFileType = wrapper.application; includeInIndex = 0; path = app.app; sourceTree = BUILT_PRODUCTS_DIR; };
		8C7DF12F19BAFE8D00B1EF41 /* Cocoa.framework */ = {isa = PBXFileReference; lastKnownFileType = wrapper.framework; name = Cocoa.framework; path = System/Library/Frameworks/Cocoa.framework; sourceTree = SDKROOT; };
		8C7DF13219BAFE8D00B1EF41 /* AppKit.framework */ = {isa = PBXFileReference; lastKnownFileType = wrapper.framework; name = AppKit.framework; path = System/Library/Frameworks/AppKit.framework; sourceTree = SDKROOT; };
		8C7DF13319BAFE8D00B1EF41 /* CoreData.framework */ = {isa = PBXFileReference; lastKnownFileType = wrapper.framework; name = CoreData.framework; path = System/Library/Frameworks/CoreData.framework; sourceTree = SDKROOT; };
		8C7DF13419BAFE8D00B1EF41 /* Foundation.framework */ = {isa = PBXFileReference; lastKnownFileType = wrapper.framework; name = Foundation.framework; path = System/Library/Frameworks/Foundation.framework; sourceTree = SDKROOT; };
		8C7DF13719BAFE8D00B1EF41 /* app-Info.plist */ = {isa = PBXFileReference; lastKnownFileType = text.plist.xml; path = "app-Info.plist"; sourceTree = "<group>"; };
		8C7DF13919BAFE8D00B1EF41 /* en */ = {isa = PBXFileReference; lastKnownFileType = text.plist.strings; name = en; path = en.lproj/InfoPlist.strings; sourceTree = "<group>"; };
		8C7DF13B19BAFE8D00B1EF41 /* main.m */ = {isa = PBXFileReference; lastKnownFileType = sourcecode.c.objc; path = main.m; sourceTree = "<group>"; };
		8C7DF13D19BAFE8D00B1EF41 /* app-Prefix.pch */ = {isa = PBXFileReference; lastKnownFileType = sourcecode.c.h; path = "app-Prefix.pch"; sourceTree = "<group>"; };
		8C7DF13F19BAFE8D00B1EF41 /* en */ = {isa = PBXFileReference; lastKnownFileType = text.rtf; name = en; path = en.lproj/Credits.rtf; sourceTree = "<group>"; };
		8C7DF14119BAFE8D00B1EF41 /* AppDelegate.h */ = {isa = PBXFileReference; lastKnownFileType = sourcecode.c.h; path = AppDelegate.h; sourceTree = "<group>"; };
		8C7DF14219BAFE8D00B1EF41 /* AppDelegate.m */ = {isa = PBXFileReference; lastKnownFileType = sourcecode.c.objc; path = AppDelegate.m; sourceTree = "<group>"; };
		8C7DF14519BAFE8D00B1EF41 /* Base */ = {isa = PBXFileReference; lastKnownFileType = file.xib; name = Base; path = Base.lproj/MainMenu.xib; sourceTree = "<group>"; };
		8C7DF14719BAFE8D00B1EF41 /* Images.xcassets */ = {isa = PBXFileReference; lastKnownFileType = folder.assetcatalog; path = Images.xcassets; sourceTree = "<group>"; };
		8C7DF14D19BAFE8D00B1EF41 /* appTests.xctest */ = {isa = PBXFileReference; explicitFileType = wrapper.cfbundle; includeInIndex = 0; path = appTests.xctest; sourceTree = BUILT_PRODUCTS_DIR; };
		8C7DF14E19BAFE8D00B1EF41 /* XCTest.framework */ = {isa = PBXFileReference; lastKnownFileType = wrapper.framework; name = XCTest.framework; path = Library/Frameworks/XCTest.framework; sourceTree = DEVELOPER_DIR; };
		8C7DF15519BAFE8D00B1EF41 /* appTests-Info.plist */ = {isa = PBXFileReference; lastKnownFileType = text.plist.xml; path = "appTests-Info.plist"; sourceTree = "<group>"; };
		8C7DF15719BAFE8D00B1EF41 /* en */ = {isa = PBXFileReference; lastKnownFileType = text.plist.strings; name = en; path = en.lproj/InfoPlist.strings; sourceTree = "<group>"; };
		8C7DF15919BAFE8D00B1EF41 /* appTests.m */ = {isa = PBXFileReference; lastKnownFileType = sourcecode.c.objc; path = appTests.m; sourceTree = "<group>"; };
		8C7DF16619BB058C00B1EF41 /* WebKit.framework */ = {isa = PBXFileReference; lastKnownFileType = wrapper.framework; name = WebKit.framework; path = System/Library/Frameworks/WebKit.framework; sourceTree = SDKROOT; };
		8C7DF16919BB05DE00B1EF41 /* Web2OSX.h */ = {isa = PBXFileReference; fileEncoding = 4; lastKnownFileType = sourcecode.c.h; path = Web2OSX.h; sourceTree = "<group>"; };
		8C7DF16A19BB05DE00B1EF41 /* Web2OSX.m */ = {isa = PBXFileReference; fileEncoding = 4; lastKnownFileType = sourcecode.c.objc; path = Web2OSX.m; sourceTree = "<group>"; };
/* End PBXFileReference section */

/* Begin PBXFrameworksBuildPhase section */
		8C7DF12919BAFE8D00B1EF41 /* Frameworks */ = {
			isa = PBXFrameworksBuildPhase;
			buildActionMask = 2147483647;
			files = (
				8C7DF16719BB058C00B1EF41 /* WebKit.framework in Frameworks */,
				8C7DF13019BAFE8D00B1EF41 /* Cocoa.framework in Frameworks */,
			);
			runOnlyForDeploymentPostprocessing = 0;
		};
		8C7DF14A19BAFE8D00B1EF41 /* Frameworks */ = {
			isa = PBXFrameworksBuildPhase;
			buildActionMask = 2147483647;
			files = (
				8C7DF15019BAFE8D00B1EF41 /* Cocoa.framework in Frameworks */,
				8C7DF14F19BAFE8D00B1EF41 /* XCTest.framework in Frameworks */,
			);
			runOnlyForDeploymentPostprocessing = 0;
		};
/* End PBXFrameworksBuildPhase section */

/* Begin PBXGroup section */
		8C7DF12319BAFE8D00B1EF41 = {
			isa = PBXGroup;
			children = (
				8C7DF16319BB055900B1EF41 /* html */,
				8C7DF13519BAFE8D00B1EF41 /* app */,
				8C7DF15319BAFE8D00B1EF41 /* appTests */,
				8C7DF12E19BAFE8D00B1EF41 /* Frameworks */,
				8C7DF12D19BAFE8D00B1EF41 /* Products */,
			);
			sourceTree = "<group>";
		};
		8C7DF12D19BAFE8D00B1EF41 /* Products */ = {
			isa = PBXGroup;
			children = (
				8C7DF12C19BAFE8D00B1EF41 /* app.app */,
				8C7DF14D19BAFE8D00B1EF41 /* appTests.xctest */,
			);
			name = Products;
			sourceTree = "<group>";
		};
		8C7DF12E19BAFE8D00B1EF41 /* Frameworks */ = {
			isa = PBXGroup;
			children = (
				8C7DF16619BB058C00B1EF41 /* WebKit.framework */,
				8C7DF12F19BAFE8D00B1EF41 /* Cocoa.framework */,
				8C7DF14E19BAFE8D00B1EF41 /* XCTest.framework */,
				8C7DF13119BAFE8D00B1EF41 /* Other Frameworks */,
			);
			name = Frameworks;
			sourceTree = "<group>";
		};
		8C7DF13119BAFE8D00B1EF41 /* Other Frameworks */ = {
			isa = PBXGroup;
			children = (
				8C7DF13219BAFE8D00B1EF41 /* AppKit.framework */,
				8C7DF13319BAFE8D00B1EF41 /* CoreData.framework */,
				8C7DF13419BAFE8D00B1EF41 /* Foundation.framework */,
			);
			name = "Other Frameworks";
			sourceTree = "<group>";
		};
		8C7DF13519BAFE8D00B1EF41 /* app */ = {
			isa = PBXGroup;
			children = (
				8C7DF16819BB05C700B1EF41 /* Classes */,
				8C7DF14119BAFE8D00B1EF41 /* AppDelegate.h */,
				8C7DF14219BAFE8D00B1EF41 /* AppDelegate.m */,
				8C7DF14419BAFE8D00B1EF41 /* MainMenu.xib */,
				8C7DF14719BAFE8D00B1EF41 /* Images.xcassets */,
				8C7DF13619BAFE8D00B1EF41 /* Supporting Files */,
			);
			path = app;
			sourceTree = "<group>";
		};
		8C7DF13619BAFE8D00B1EF41 /* Supporting Files */ = {
			isa = PBXGroup;
			children = (
				8C7DF13719BAFE8D00B1EF41 /* app-Info.plist */,
				8C7DF13819BAFE8D00B1EF41 /* InfoPlist.strings */,
				8C7DF13B19BAFE8D00B1EF41 /* main.m */,
				8C7DF13D19BAFE8D00B1EF41 /* app-Prefix.pch */,
				8C7DF13E19BAFE8D00B1EF41 /* Credits.rtf */,
			);
			name = "Supporting Files";
			sourceTree = "<group>";
		};
		8C7DF15319BAFE8D00B1EF41 /* appTests */ = {
			isa = PBXGroup;
			children = (
				8C7DF15919BAFE8D00B1EF41 /* appTests.m */,
				8C7DF15419BAFE8D00B1EF41 /* Supporting Files */,
			);
			path = appTests;
			sourceTree = "<group>";
		};
		8C7DF15419BAFE8D00B1EF41 /* Supporting Files */ = {
			isa = PBXGroup;
			children = (
				8C7DF15519BAFE8D00B1EF41 /* appTests-Info.plist */,
				8C7DF15619BAFE8D00B1EF41 /* InfoPlist.strings */,
			);
			name = "Supporting Files";
			sourceTree = "<group>";
		};
		8C7DF16319BB055900B1EF41 /* html */ = {
			isa = PBXGroup;
			children = (
				8C7DF16419BB057F00B1EF41 /* css */,
				8C7DF16519BB057F00B1EF41 /* scripts */,
			);
			path = html;
			sourceTree = "<group>";
		};
		8C7DF16419BB057F00B1EF41 /* css */ = {
			isa = PBXGroup;
			children = (
			);
			path = css;
			sourceTree = "<group>";
		};
		8C7DF16519BB057F00B1EF41 /* scripts */ = {
			isa = PBXGroup;
			children = (
			);
			path = scripts;
			sourceTree = "<group>";
		};
		8C7DF16819BB05C700B1EF41 /* Classes */ = {
			isa = PBXGroup;
			children = (
				8C7DF16919BB05DE00B1EF41 /* Web2OSX.h */,
				8C7DF16A19BB05DE00B1EF41 /* Web2OSX.m */,
			);
			name = Classes;
			sourceTree = "<group>";
		};
/* End PBXGroup section */

/* Begin PBXNativeTarget section */
		8C7DF12B19BAFE8D00B1EF41 /* app */ = {
			isa = PBXNativeTarget;
			buildConfigurationList = 8C7DF15D19BAFE8D00B1EF41 /* Build configuration list for PBXNativeTarget "app" */;
			buildPhases = (
				8C7DF12819BAFE8D00B1EF41 /* Sources */,
				8C7DF12919BAFE8D00B1EF41 /* Frameworks */,
				8C7DF12A19BAFE8D00B1EF41 /* Resources */,
			);
			buildRules = (
			);
			dependencies = (
			);
			name = app;
			productName = app;
			productReference = 8C7DF12C19BAFE8D00B1EF41 /* app.app */;
			productType = "com.apple.product-type.application";
		};
		8C7DF14C19BAFE8D00B1EF41 /* appTests */ = {
			isa = PBXNativeTarget;
			buildConfigurationList = 8C7DF16019BAFE8D00B1EF41 /* Build configuration list for PBXNativeTarget "appTests" */;
			buildPhases = (
				8C7DF14919BAFE8D00B1EF41 /* Sources */,
				8C7DF14A19BAFE8D00B1EF41 /* Frameworks */,
				8C7DF14B19BAFE8D00B1EF41 /* Resources */,
			);
			buildRules = (
			);
			dependencies = (
				8C7DF15219BAFE8D00B1EF41 /* PBXTargetDependency */,
			);
			name = appTests;
			productName = appTests;
			productReference = 8C7DF14D19BAFE8D00B1EF41 /* appTests.xctest */;
			productType = "com.apple.product-type.bundle.unit-test";
		};
/* End PBXNativeTarget section */

/* Begin PBXProject section */
		8C7DF12419BAFE8D00B1EF41 /* Project object */ = {
			isa = PBXProject;
			attributes = {
				LastUpgradeCheck = 0510;
				ORGANIZATIONNAME = InSili.co;
				TargetAttributes = {
					8C7DF14C19BAFE8D00B1EF41 = {
						TestTargetID = 8C7DF12B19BAFE8D00B1EF41;
					};
				};
			};
			buildConfigurationList = 8C7DF12719BAFE8D00B1EF41 /* Build configuration list for PBXProject "app" */;
			compatibilityVersion = "Xcode 3.2";
			developmentRegion = English;
			hasScannedForEncodings = 0;
			knownRegions = (
				en,
				Base,
			);
			mainGroup = 8C7DF12319BAFE8D00B1EF41;
			productRefGroup = 8C7DF12D19BAFE8D00B1EF41 /* Products */;
			projectDirPath = "";
			projectRoot = "";
			targets = (
				8C7DF12B19BAFE8D00B1EF41 /* app */,
				8C7DF14C19BAFE8D00B1EF41 /* appTests */,
			);
		};
/* End PBXProject section */

/* Begin PBXResourcesBuildPhase section */
		8C7DF12A19BAFE8D00B1EF41 /* Resources */ = {
			isa = PBXResourcesBuildPhase;
			buildActionMask = 2147483647;
			files = (
				8C7DF13A19BAFE8D00B1EF41 /* InfoPlist.strings in Resources */,
				8C7DF14819BAFE8D00B1EF41 /* Images.xcassets in Resources */,
				8C7DF14019BAFE8D00B1EF41 /* Credits.rtf in Resources */,
				8C7DF14619BAFE8D00B1EF41 /* MainMenu.xib in Resources */,
			);
			runOnlyForDeploymentPostprocessing = 0;
		};
		8C7DF14B19BAFE8D00B1EF41 /* Resources */ = {
			isa = PBXResourcesBuildPhase;
			buildActionMask = 2147483647;
			files = (
				8C7DF15819BAFE8D00B1EF41 /* InfoPlist.strings in Resources */,
			);
			runOnlyForDeploymentPostprocessing = 0;
		};
/* End PBXResourcesBuildPhase section */

/* Begin PBXSourcesBuildPhase section */
		8C7DF12819BAFE8D00B1EF41 /* Sources */ = {
			isa = PBXSourcesBuildPhase;
			buildActionMask = 2147483647;
			files = (
				8C7DF16B19BB05DE00B1EF41 /* Web2OSX.m in Sources */,
				8C7DF14319BAFE8D00B1EF41 /* AppDelegate.m in Sources */,
				8C7DF13C19BAFE8D00B1EF41 /* main.m in Sources */,
			);
			runOnlyForDeploymentPostprocessing = 0;
		};
		8C7DF14919BAFE8D00B1EF41 /* Sources */ = {
			isa = PBXSourcesBuildPhase;
			buildActionMask = 2147483647;
			files = (
				8C7DF15A19BAFE8D00B1EF41 /* appTests.m in Sources */,
			);
			runOnlyForDeploymentPostprocessing = 0;
		};
/* End PBXSourcesBuildPhase section */

/* Begin PBXTargetDependency section */
		8C7DF15219BAFE8D00B1EF41 /* PBXTargetDependency */ = {
			isa = PBXTargetDependency;
			target = 8C7DF12B19BAFE8D00B1EF41 /* app */;
			targetProxy = 8C7DF15119BAFE8D00B1EF41 /* PBXContainerItemProxy */;
		};
/* End PBXTargetDependency section */

/* Begin PBXVariantGroup section */
		8C7DF13819BAFE8D00B1EF41 /* InfoPlist.strings */ = {
			isa = PBXVariantGroup;
			children = (
				8C7DF13919BAFE8D00B1EF41 /* en */,
			);
			name = InfoPlist.strings;
			sourceTree = "<group>";
		};
		8C7DF13E19BAFE8D00B1EF41 /* Credits.rtf */ = {
			isa = PBXVariantGroup;
			children = (
				8C7DF13F19BAFE8D00B1EF41 /* en */,
			);
			name = Credits.rtf;
			sourceTree = "<group>";
		};
		8C7DF14419BAFE8D00B1EF41 /* MainMenu.xib */ = {
			isa = PBXVariantGroup;
			children = (
				8C7DF14519BAFE8D00B1EF41 /* Base */,
			);
			name = MainMenu.xib;
			sourceTree = "<group>";
		};
		8C7DF15619BAFE8D00B1EF41 /* InfoPlist.strings */ = {
			isa = PBXVariantGroup;
			children = (
				8C7DF15719BAFE8D00B1EF41 /* en */,
			);
			name = InfoPlist.strings;
			sourceTree = "<group>";
		};
/* End PBXVariantGroup section */

/* Begin XCBuildConfiguration section */
		8C7DF15B19BAFE8D00B1EF41 /* Debug */ = {
			isa = XCBuildConfiguration;
			buildSettings = {
				ALWAYS_SEARCH_USER_PATHS = NO;
				CLANG_CXX_LANGUAGE_STANDARD = "gnu++0x";
				CLANG_CXX_LIBRARY = "libc++";
				CLANG_ENABLE_MODULES = YES;
				CLANG_ENABLE_OBJC_ARC = YES;
				CLANG_WARN_BOOL_CONVERSION = YES;
				CLANG_WARN_CONSTANT_CONVERSION = YES;
				CLANG_WARN_DIRECT_OBJC_ISA_USAGE = YES_ERROR;
				CLANG_WARN_EMPTY_BODY = YES;
				CLANG_WARN_ENUM_CONVERSION = YES;
				CLANG_WARN_INT_CONVERSION = YES;
				CLANG_WARN_OBJC_ROOT_CLASS = YES_ERROR;
				CLANG_WARN__DUPLICATE_METHOD_MATCH = YES;
				COPY_PHASE_STRIP = NO;
				GCC_C_LANGUAGE_STANDARD = gnu99;
				GCC_DYNAMIC_NO_PIC = NO;
				GCC_ENABLE_OBJC_EXCEPTIONS = YES;
				GCC_OPTIMIZATION_LEVEL = 0;
				GCC_PREPROCESSOR_DEFINITIONS = (
					"DEBUG=1",
					"$(inherited)",
				);
				GCC_SYMBOLS_PRIVATE_EXTERN = NO;
				GCC_WARN_64_TO_32_BIT_CONVERSION = YES;
				GCC_WARN_ABOUT_RETURN_TYPE = YES_ERROR;
				GCC_WARN_UNDECLARED_SELECTOR = YES;
				GCC_WARN_UNINITIALIZED_AUTOS = YES_AGGRESSIVE;
				GCC_WARN_UNUSED_FUNCTION = YES;
				GCC_WARN_UNUSED_VARIABLE = YES;
				MACOSX_DEPLOYMENT_TARGET = 10.9;
				ONLY_ACTIVE_ARCH = YES;
				SDKROOT = macosx;
			};
			name = Debug;
		};
		8C7DF15C19BAFE8D00B1EF41 /* Release */ = {
			isa = XCBuildConfiguration;
			buildSettings = {
				ALWAYS_SEARCH_USER_PATHS = NO;
				CLANG_CXX_LANGUAGE_STANDARD = "gnu++0x";
				CLANG_CXX_LIBRARY = "libc++";
				CLANG_ENABLE_MODULES = YES;
				CLANG_ENABLE_OBJC_ARC = YES;
				CLANG_WARN_BOOL_CONVERSION = YES;
				CLANG_WARN_CONSTANT_CONVERSION = YES;
				CLANG_WARN_DIRECT_OBJC_ISA_USAGE = YES_ERROR;
				CLANG_WARN_EMPTY_BODY = YES;
				CLANG_WARN_ENUM_CONVERSION = YES;
				CLANG_WARN_INT_CONVERSION = YES;
				CLANG_WARN_OBJC_ROOT_CLASS = YES_ERROR;
				CLANG_WARN__DUPLICATE_METHOD_MATCH = YES;
				COPY_PHASE_STRIP = YES;
				DEBUG_INFORMATION_FORMAT = "dwarf-with-dsym";
				ENABLE_NS_ASSERTIONS = NO;
				GCC_C_LANGUAGE_STANDARD = gnu99;
				GCC_ENABLE_OBJC_EXCEPTIONS = YES;
				GCC_WARN_64_TO_32_BIT_CONVERSION = YES;
				GCC_WARN_ABOUT_RETURN_TYPE = YES_ERROR;
				GCC_WARN_UNDECLARED_SELECTOR = YES;
				GCC_WARN_UNINITIALIZED_AUTOS = YES_AGGRESSIVE;
				GCC_WARN_UNUSED_FUNCTION = YES;
				GCC_WARN_UNUSED_VARIABLE = YES;
				MACOSX_DEPLOYMENT_TARGET = 10.9;
				SDKROOT = macosx;
			};
			name = Release;
		};
		8C7DF15E19BAFE8D00B1EF41 /* Debug */ = {
			isa = XCBuildConfiguration;
			buildSettings = {
				ASSETCATALOG_COMPILER_APPICON_NAME = AppIcon;
				COMBINE_HIDPI_IMAGES = YES;
				GCC_PRECOMPILE_PREFIX_HEADER = YES;
				GCC_PREFIX_HEADER = "app/app-Prefix.pch";
				INFOPLIST_FILE = "app/app-Info.plist";
				PRODUCT_NAME = "$(TARGET_NAME)";
				WRAPPER_EXTENSION = app;
			};
			name = Debug;
		};
		8C7DF15F19BAFE8D00B1EF41 /* Release */ = {
			isa = XCBuildConfiguration;
			buildSettings = {
				ASSETCATALOG_COMPILER_APPICON_NAME = AppIcon;
				COMBINE_HIDPI_IMAGES = YES;
				GCC_PRECOMPILE_PREFIX_HEADER = YES;
				GCC_PREFIX_HEADER = "app/app-Prefix.pch";
				INFOPLIST_FILE = "app/app-Info.plist";
				PRODUCT_NAME = "$(TARGET_NAME)";
				WRAPPER_EXTENSION = app;
			};
			name = Release;
		};
		8C7DF16119BAFE8D00B1EF41 /* Debug */ = {
			isa = XCBuildConfiguration;
			buildSettings = {
				BUNDLE_LOADER = "$(BUILT_PRODUCTS_DIR)/app.app/Contents/MacOS/app";
				COMBINE_HIDPI_IMAGES = YES;
				FRAMEWORK_SEARCH_PATHS = (
					"$(DEVELOPER_FRAMEWORKS_DIR)",
					"$(inherited)",
				);
				GCC_PRECOMPILE_PREFIX_HEADER = YES;
				GCC_PREFIX_HEADER = "app/app-Prefix.pch";
				GCC_PREPROCESSOR_DEFINITIONS = (
					"DEBUG=1",
					"$(inherited)",
				);
				INFOPLIST_FILE = "appTests/appTests-Info.plist";
				PRODUCT_NAME = "$(TARGET_NAME)";
				TEST_HOST = "$(BUNDLE_LOADER)";
				WRAPPER_EXTENSION = xctest;
			};
			name = Debug;
		};
		8C7DF16219BAFE8D00B1EF41 /* Release */ = {
			isa = XCBuildConfiguration;
			buildSettings = {
				BUNDLE_LOADER = "$(BUILT_PRODUCTS_DIR)/app.app/Contents/MacOS/app";
				COMBINE_HIDPI_IMAGES = YES;
				FRAMEWORK_SEARCH_PATHS = (
					"$(DEVELOPER_FRAMEWORKS_DIR)",
					"$(inherited)",
				);
				GCC_PRECOMPILE_PREFIX_HEADER = YES;
				GCC_PREFIX_HEADER = "app/app-Prefix.pch";
				INFOPLIST_FILE = "appTests/appTests-Info.plist";
				PRODUCT_NAME = "$(TARGET_NAME)";
				TEST_HOST = "$(BUNDLE_LOADER)";
				WRAPPER_EXTENSION = xctest;
			};
			name = Release;
		};
/* End XCBuildConfiguration section */

/* Begin XCConfigurationList section */
		8C7DF12719BAFE8D00B1EF41 /* Build configuration list for PBXProject "app" */ = {
			isa = XCConfigurationList;
			buildConfigurations = (
				8C7DF15B19BAFE8D00B1EF41 /* Debug */,
				8C7DF15C19BAFE8D00B1EF41 /* Release */,
			);
			defaultConfigurationIsVisible = 0;
			defaultConfigurationName = Release;
		};
		8C7DF15D19BAFE8D00B1EF41 /* Build configuration list for PBXNativeTarget "app" */ = {
			isa = XCConfigurationList;
			buildConfigurations = (
				8C7DF15E19BAFE8D00B1EF41 /* Debug */,
				8C7DF15F19BAFE8D00B1EF41 /* Release */,
			);
			defaultConfigurationIsVisible = 0;
		};
		8C7DF16019BAFE8D00B1EF41 /* Build configuration list for PBXNativeTarget "appTests" */ = {
			isa = XCConfigurationList;
			buildConfigurations = (
				8C7DF16119BAFE8D00B1EF41 /* Debug */,
				8C7DF16219BAFE8D00B1EF41 /* Release */,
			);
			defaultConfigurationIsVisible = 0;
		};
/* End XCConfigurationList section */
	};
	rootObject = 8C7DF12419BAFE8D00B1EF41 /* Project object */;
}
